// !$*UTF8*$!
{
	archiveVersion = 1;
	classes = {
	};
	objectVersion = 50;
	objects = {

/* Begin PBXBuildFile section */
		38F3210F28D14D3800BE0DFF /* AppDelegate.swift in Sources */ = {isa = PBXBuildFile; fileRef = 38F3210E28D14D3800BE0DFF /* AppDelegate.swift */; };
		38F3211128D14D3800BE0DFF /* SceneDelegate.swift in Sources */ = {isa = PBXBuildFile; fileRef = 38F3211028D14D3800BE0DFF /* SceneDelegate.swift */; };
		38F3211328D14D3800BE0DFF /* ViewController.swift in Sources */ = {isa = PBXBuildFile; fileRef = 38F3211228D14D3800BE0DFF /* ViewController.swift */; };
		38F3211628D14D3800BE0DFF /* Main.storyboard in Resources */ = {isa = PBXBuildFile; fileRef = 38F3211428D14D3800BE0DFF /* Main.storyboard */; };
		38F3211828D14D3D00BE0DFF /* Assets.xcassets in Resources */ = {isa = PBXBuildFile; fileRef = 38F3211728D14D3D00BE0DFF /* Assets.xcassets */; };
		38F3211B28D14D3D00BE0DFF /* LaunchScreen.storyboard in Resources */ = {isa = PBXBuildFile; fileRef = 38F3211928D14D3D00BE0DFF /* LaunchScreen.storyboard */; };
		38F3214B28D14F9100BE0DFF /* pelicula1_sinopsis1.jpg in Resources */ = {isa = PBXBuildFile; fileRef = 38F3214028D14F9100BE0DFF /* pelicula1_sinopsis1.jpg */; };
		38F3214C28D14F9100BE0DFF /* pelicula2_cartel1.jpg in Resources */ = {isa = PBXBuildFile; fileRef = 38F3214128D14F9100BE0DFF /* pelicula2_cartel1.jpg */; };
		38F3214D28D14F9100BE0DFF /* Cinépolis.png in Resources */ = {isa = PBXBuildFile; fileRef = 38F3214228D14F9100BE0DFF /* Cinépolis.png */; };
		38F3214E28D14F9100BE0DFF /* pelicula2_sinopsis1.jpg in Resources */ = {isa = PBXBuildFile; fileRef = 38F3214328D14F9100BE0DFF /* pelicula2_sinopsis1.jpg */; };
		38F3214F28D14F9100BE0DFF /* pelicula4_cartel1.jpg in Resources */ = {isa = PBXBuildFile; fileRef = 38F3214428D14F9100BE0DFF /* pelicula4_cartel1.jpg */; };
		38F3215028D14F9100BE0DFF /* pelicula1_cartel1.jpg in Resources */ = {isa = PBXBuildFile; fileRef = 38F3214528D14F9100BE0DFF /* pelicula1_cartel1.jpg */; };
		38F3215128D14F9100BE0DFF /* barra.jpg in Resources */ = {isa = PBXBuildFile; fileRef = 38F3214628D14F9100BE0DFF /* barra.jpg */; };
		38F3215228D14F9100BE0DFF /* Práctica Storyboard.zip in Resources */ = {isa = PBXBuildFile; fileRef = 38F3214728D14F9100BE0DFF /* Práctica Storyboard.zip */; };
		38F3215328D14F9100BE0DFF /* pelicula3_cartel1.jpg in Resources */ = {isa = PBXBuildFile; fileRef = 38F3214828D14F9100BE0DFF /* pelicula3_cartel1.jpg */; };
		38F3215428D14F9100BE0DFF /* pelicula3_sinopsis1.jpg in Resources */ = {isa = PBXBuildFile; fileRef = 38F3214928D14F9100BE0DFF /* pelicula3_sinopsis1.jpg */; };
		38F3215528D14F9100BE0DFF /* pelicula4_sinopsis1.jpg in Resources */ = {isa = PBXBuildFile; fileRef = 38F3214A28D14F9100BE0DFF /* pelicula4_sinopsis1.jpg */; };
/* End PBXBuildFile section */

/* Begin PBXFileReference section */
		38F3210B28D14D3800BE0DFF /* Cartelera.app */ = {isa = PBXFileReference; explicitFileType = wrapper.application; includeInIndex = 0; path = Cartelera.app; sourceTree = BUILT_PRODUCTS_DIR; };
		38F3210E28D14D3800BE0DFF /* AppDelegate.swift */ = {isa = PBXFileReference; lastKnownFileType = sourcecode.swift; path = AppDelegate.swift; sourceTree = "<group>"; };
		38F3211028D14D3800BE0DFF /* SceneDelegate.swift */ = {isa = PBXFileReference; lastKnownFileType = sourcecode.swift; path = SceneDelegate.swift; sourceTree = "<group>"; };
		38F3211228D14D3800BE0DFF /* ViewController.swift */ = {isa = PBXFileReference; lastKnownFileType = sourcecode.swift; path = ViewController.swift; sourceTree = "<group>"; };
		38F3211528D14D3800BE0DFF /* Base */ = {isa = PBXFileReference; lastKnownFileType = file.storyboard; name = Base; path = Base.lproj/Main.storyboard; sourceTree = "<group>"; };
		38F3211728D14D3D00BE0DFF /* Assets.xcassets */ = {isa = PBXFileReference; lastKnownFileType = folder.assetcatalog; path = Assets.xcassets; sourceTree = "<group>"; };
		38F3211A28D14D3D00BE0DFF /* Base */ = {isa = PBXFileReference; lastKnownFileType = file.storyboard; name = Base; path = Base.lproj/LaunchScreen.storyboard; sourceTree = "<group>"; };
		38F3211C28D14D3D00BE0DFF /* Info.plist */ = {isa = PBXFileReference; lastKnownFileType = text.plist.xml; path = Info.plist; sourceTree = "<group>"; };
		38F3214028D14F9100BE0DFF /* pelicula1_sinopsis1.jpg */ = {isa = PBXFileReference; lastKnownFileType = image.jpeg; path = pelicula1_sinopsis1.jpg; sourceTree = "<group>"; };
		38F3214128D14F9100BE0DFF /* pelicula2_cartel1.jpg */ = {isa = PBXFileReference; lastKnownFileType = image.jpeg; path = pelicula2_cartel1.jpg; sourceTree = "<group>"; };
		38F3214228D14F9100BE0DFF /* Cinépolis.png */ = {isa = PBXFileReference; lastKnownFileType = image.png; path = "Cinépolis.png"; sourceTree = "<group>"; };
		38F3214328D14F9100BE0DFF /* pelicula2_sinopsis1.jpg */ = {isa = PBXFileReference; lastKnownFileType = image.jpeg; path = pelicula2_sinopsis1.jpg; sourceTree = "<group>"; };
		38F3214428D14F9100BE0DFF /* pelicula4_cartel1.jpg */ = {isa = PBXFileReference; lastKnownFileType = image.jpeg; path = pelicula4_cartel1.jpg; sourceTree = "<group>"; };
		38F3214528D14F9100BE0DFF /* pelicula1_cartel1.jpg */ = {isa = PBXFileReference; lastKnownFileType = image.jpeg; path = pelicula1_cartel1.jpg; sourceTree = "<group>"; };
		38F3214628D14F9100BE0DFF /* barra.jpg */ = {isa = PBXFileReference; lastKnownFileType = image.jpeg; path = barra.jpg; sourceTree = "<group>"; };
		38F3214728D14F9100BE0DFF /* Práctica Storyboard.zip */ = {isa = PBXFileReference; lastKnownFileType = archive.zip; path = "Práctica Storyboard.zip"; sourceTree = "<group>"; };
		38F3214828D14F9100BE0DFF /* pelicula3_cartel1.jpg */ = {isa = PBXFileReference; lastKnownFileType = image.jpeg; path = pelicula3_cartel1.jpg; sourceTree = "<group>"; };
		38F3214928D14F9100BE0DFF /* pelicula3_sinopsis1.jpg */ = {isa = PBXFileReference; lastKnownFileType = image.jpeg; path = pelicula3_sinopsis1.jpg; sourceTree = "<group>"; };
		38F3214A28D14F9100BE0DFF /* pelicula4_sinopsis1.jpg */ = {isa = PBXFileReference; lastKnownFileType = image.jpeg; path = pelicula4_sinopsis1.jpg; sourceTree = "<group>"; };
/* End PBXFileReference section */

/* Begin PBXFrameworksBuildPhase section */
		38F3210828D14D3800BE0DFF /* Frameworks */ = {
			isa = PBXFrameworksBuildPhase;
			buildActionMask = 2147483647;
			files = (
			);
			runOnlyForDeploymentPostprocessing = 0;
		};
/* End PBXFrameworksBuildPhase section */

/* Begin PBXGroup section */
		38F3210228D14D3800BE0DFF = {
			isa = PBXGroup;
			children = (
				38F3210D28D14D3800BE0DFF /* Cartelera */,
				38F3210C28D14D3800BE0DFF /* Products */,
			);
			sourceTree = "<group>";
		};
		38F3210C28D14D3800BE0DFF /* Products */ = {
			isa = PBXGroup;
			children = (
				38F3210B28D14D3800BE0DFF /* Cartelera.app */,
			);
			name = Products;
			sourceTree = "<group>";
		};
		38F3210D28D14D3800BE0DFF /* Cartelera */ = {
			isa = PBXGroup;
			children = (
				38F3213F28D14F9100BE0DFF /* Práctica Storyboard */,
				38F3210E28D14D3800BE0DFF /* AppDelegate.swift */,
				38F3211028D14D3800BE0DFF /* SceneDelegate.swift */,
				38F3211228D14D3800BE0DFF /* ViewController.swift */,
				38F3211428D14D3800BE0DFF /* Main.storyboard */,
				38F3211728D14D3D00BE0DFF /* Assets.xcassets */,
				38F3211928D14D3D00BE0DFF /* LaunchScreen.storyboard */,
				38F3211C28D14D3D00BE0DFF /* Info.plist */,
			);
			path = Cartelera;
			sourceTree = "<group>";
		};
		38F3213F28D14F9100BE0DFF /* Práctica Storyboard */ = {
			isa = PBXGroup;
			children = (
				38F3214028D14F9100BE0DFF /* pelicula1_sinopsis1.jpg */,
				38F3214128D14F9100BE0DFF /* pelicula2_cartel1.jpg */,
				38F3214228D14F9100BE0DFF /* Cinépolis.png */,
				38F3214328D14F9100BE0DFF /* pelicula2_sinopsis1.jpg */,
				38F3214428D14F9100BE0DFF /* pelicula4_cartel1.jpg */,
				38F3214528D14F9100BE0DFF /* pelicula1_cartel1.jpg */,
				38F3214628D14F9100BE0DFF /* barra.jpg */,
				38F3214728D14F9100BE0DFF /* Práctica Storyboard.zip */,
				38F3214828D14F9100BE0DFF /* pelicula3_cartel1.jpg */,
				38F3214928D14F9100BE0DFF /* pelicula3_sinopsis1.jpg */,
				38F3214A28D14F9100BE0DFF /* pelicula4_sinopsis1.jpg */,
			);
			name = "Práctica Storyboard";
			path = "../../../Práctica Storyboard";
			sourceTree = "<group>";
		};
/* End PBXGroup section */

/* Begin PBXNativeTarget section */
		38F3210A28D14D3800BE0DFF /* Cartelera */ = {
			isa = PBXNativeTarget;
			buildConfigurationList = 38F3211F28D14D3D00BE0DFF /* Build configuration list for PBXNativeTarget "Cartelera" */;
			buildPhases = (
				38F3210728D14D3800BE0DFF /* Sources */,
				38F3210828D14D3800BE0DFF /* Frameworks */,
				38F3210928D14D3800BE0DFF /* Resources */,
			);
			buildRules = (
			);
			dependencies = (
			);
			name = Cartelera;
			productName = Cartelera;
			productReference = 38F3210B28D14D3800BE0DFF /* Cartelera.app */;
			productType = "com.apple.product-type.application";
		};
/* End PBXNativeTarget section */

/* Begin PBXProject section */
		38F3210328D14D3800BE0DFF /* Project object */ = {
			isa = PBXProject;
			attributes = {
				LastSwiftUpdateCheck = 1240;
				LastUpgradeCheck = 1240;
				TargetAttributes = {
					38F3210A28D14D3800BE0DFF = {
						CreatedOnToolsVersion = 12.4;
					};
				};
			};
			buildConfigurationList = 38F3210628D14D3800BE0DFF /* Build configuration list for PBXProject "Cartelera" */;
			compatibilityVersion = "Xcode 9.3";
			developmentRegion = en;
			hasScannedForEncodings = 0;
			knownRegions = (
				en,
				Base,
			);
			mainGroup = 38F3210228D14D3800BE0DFF;
			productRefGroup = 38F3210C28D14D3800BE0DFF /* Products */;
			projectDirPath = "";
			projectRoot = "";
			targets = (
				38F3210A28D14D3800BE0DFF /* Cartelera */,
			);
		};
/* End PBXProject section */

/* Begin PBXResourcesBuildPhase section */
		38F3210928D14D3800BE0DFF /* Resources */ = {
			isa = PBXResourcesBuildPhase;
			buildActionMask = 2147483647;
			files = (
				38F3215128D14F9100BE0DFF /* barra.jpg in Resources */,
				38F3214C28D14F9100BE0DFF /* pelicula2_cartel1.jpg in Resources */,
				38F3211B28D14D3D00BE0DFF /* LaunchScreen.storyboard in Resources */,
				38F3215528D14F9100BE0DFF /* pelicula4_sinopsis1.jpg in Resources */,
				38F3214F28D14F9100BE0DFF /* pelicula4_cartel1.jpg in Resources */,
				38F3214D28D14F9100BE0DFF /* Cinépolis.png in Resources */,
				38F3215328D14F9100BE0DFF /* pelicula3_cartel1.jpg in Resources */,
				38F3211828D14D3D00BE0DFF /* Assets.xcassets in Resources */,
				38F3214B28D14F9100BE0DFF /* pelicula1_sinopsis1.jpg in Resources */,
				38F3211628D14D3800BE0DFF /* Main.storyboard in Resources */,
				38F3215028D14F9100BE0DFF /* pelicula1_cartel1.jpg in Resources */,
				38F3214E28D14F9100BE0DFF /* pelicula2_sinopsis1.jpg in Resources */,
				38F3215428D14F9100BE0DFF /* pelicula3_sinopsis1.jpg in Resources */,
				38F3215228D14F9100BE0DFF /* Práctica Storyboard.zip in Resources */,
			);
			runOnlyForDeploymentPostprocessing = 0;
		};
/* End PBXResourcesBuildPhase section */

/* Begin PBXSourcesBuildPhase section */
		38F3210728D14D3800BE0DFF /* Sources */ = {
			isa = PBXSourcesBuildPhase;
			buildActionMask = 2147483647;
			files = (
				38F3211328D14D3800BE0DFF /* ViewController.swift in Sources */,
				38F3210F28D14D3800BE0DFF /* AppDelegate.swift in Sources */,
				38F3211128D14D3800BE0DFF /* SceneDelegate.swift in Sources */,
			);
			runOnlyForDeploymentPostprocessing = 0;
		};
/* End PBXSourcesBuildPhase section */

/* Begin PBXVariantGroup section */
		38F3211428D14D3800BE0DFF /* Main.storyboard */ = {
			isa = PBXVariantGroup;
			children = (
				38F3211528D14D3800BE0DFF /* Base */,
			);
			name = Main.storyboard;
			sourceTree = "<group>";
		};
		38F3211928D14D3D00BE0DFF /* LaunchScreen.storyboard */ = {
			isa = PBXVariantGroup;
			children = (
				38F3211A28D14D3D00BE0DFF /* Base */,
			);
			name = LaunchScreen.storyboard;
			sourceTree = "<group>";
		};
/* End PBXVariantGroup section */

/* Begin XCBuildConfiguration section */
		38F3211D28D14D3D00BE0DFF /* Debug */ = {
			isa = XCBuildConfiguration;
			buildSettings = {
				ALWAYS_SEARCH_USER_PATHS = NO;
				CLANG_ANALYZER_NONNULL = YES;
				CLANG_ANALYZER_NUMBER_OBJECT_CONVERSION = YES_AGGRESSIVE;
				CLANG_CXX_LANGUAGE_STANDARD = "gnu++14";
				CLANG_CXX_LIBRARY = "libc++";
				CLANG_ENABLE_MODULES = YES;
				CLANG_ENABLE_OBJC_ARC = YES;
				CLANG_ENABLE_OBJC_WEAK = YES;
				CLANG_WARN_BLOCK_CAPTURE_AUTORELEASING = YES;
				CLANG_WARN_BOOL_CONVERSION = YES;
				CLANG_WARN_COMMA = YES;
				CLANG_WARN_CONSTANT_CONVERSION = YES;
				CLANG_WARN_DEPRECATED_OBJC_IMPLEMENTATIONS = YES;
				CLANG_WARN_DIRECT_OBJC_ISA_USAGE = YES_ERROR;
				CLANG_WARN_DOCUMENTATION_COMMENTS = YES;
				CLANG_WARN_EMPTY_BODY = YES;
				CLANG_WARN_ENUM_CONVERSION = YES;
				CLANG_WARN_INFINITE_RECURSION = YES;
				CLANG_WARN_INT_CONVERSION = YES;
				CLANG_WARN_NON_LITERAL_NULL_CONVERSION = YES;
				CLANG_WARN_OBJC_IMPLICIT_RETAIN_SELF = YES;
				CLANG_WARN_OBJC_LITERAL_CONVERSION = YES;
				CLANG_WARN_OBJC_ROOT_CLASS = YES_ERROR;
				CLANG_WARN_QUOTED_INCLUDE_IN_FRAMEWORK_HEADER = YES;
				CLANG_WARN_RANGE_LOOP_ANALYSIS = YES;
				CLANG_WARN_STRICT_PROTOTYPES = YES;
				CLANG_WARN_SUSPICIOUS_MOVE = YES;
				CLANG_WARN_UNGUARDED_AVAILABILITY = YES_AGGRESSIVE;
				CLANG_WARN_UNREACHABLE_CODE = YES;
				CLANG_WARN__DUPLICATE_METHOD_MATCH = YES;
				COPY_PHASE_STRIP = NO;
				DEBUG_INFORMATION_FORMAT = dwarf;
				ENABLE_STRICT_OBJC_MSGSEND = YES;
				ENABLE_TESTABILITY = YES;
				GCC_C_LANGUAGE_STANDARD = gnu11;
				GCC_DYNAMIC_NO_PIC = NO;
				GCC_NO_COMMON_BLOCKS = YES;
				GCC_OPTIMIZATION_LEVEL = 0;
				GCC_PREPROCESSOR_DEFINITIONS = (
					"DEBUG=1",
					"$(inherited)",
				);
				GCC_WARN_64_TO_32_BIT_CONVERSION = YES;
				GCC_WARN_ABOUT_RETURN_TYPE = YES_ERROR;
				GCC_WARN_UNDECLARED_SELECTOR = YES;
				GCC_WARN_UNINITIALIZED_AUTOS = YES_AGGRESSIVE;
				GCC_WARN_UNUSED_FUNCTION = YES;
				GCC_WARN_UNUSED_VARIABLE = YES;
				IPHONEOS_DEPLOYMENT_TARGET = 14.4;
				MTL_ENABLE_DEBUG_INFO = INCLUDE_SOURCE;
				MTL_FAST_MATH = YES;
				ONLY_ACTIVE_ARCH = YES;
				SDKROOT = iphoneos;
				SWIFT_ACTIVE_COMPILATION_CONDITIONS = DEBUG;
				SWIFT_OPTIMIZATION_LEVEL = "-Onone";
			};
			name = Debug;
		};
		38F3211E28D14D3D00BE0DFF /* Release */ = {
			isa = XCBuildConfiguration;
			buildSettings = {
				ALWAYS_SEARCH_USER_PATHS = NO;
				CLANG_ANALYZER_NONNULL = YES;
				CLANG_ANALYZER_NUMBER_OBJECT_CONVERSION = YES_AGGRESSIVE;
				CLANG_CXX_LANGUAGE_STANDARD = "gnu++14";
				CLANG_CXX_LIBRARY = "libc++";
				CLANG_ENABLE_MODULES = YES;
				CLANG_ENABLE_OBJC_ARC = YES;
				CLANG_ENABLE_OBJC_WEAK = YES;
				CLANG_WARN_BLOCK_CAPTURE_AUTORELEASING = YES;
				CLANG_WARN_BOOL_CONVERSION = YES;
				CLANG_WARN_COMMA = YES;
				CLANG_WARN_CONSTANT_CONVERSION = YES;
				CLANG_WARN_DEPRECATED_OBJC_IMPLEMENTATIONS = YES;
				CLANG_WARN_DIRECT_OBJC_ISA_USAGE = YES_ERROR;
				CLANG_WARN_DOCUMENTATION_COMMENTS = YES;
				CLANG_WARN_EMPTY_BODY = YES;
				CLANG_WARN_ENUM_CONVERSION = YES;
				CLANG_WARN_INFINITE_RECURSION = YES;
				CLANG_WARN_INT_CONVERSION = YES;
				CLANG_WARN_NON_LITERAL_NULL_CONVERSION = YES;
				CLANG_WARN_OBJC_IMPLICIT_RETAIN_SELF = YES;
				CLANG_WARN_OBJC_LITERAL_CONVERSION = YES;
				CLANG_WARN_OBJC_ROOT_CLASS = YES_ERROR;
				CLANG_WARN_QUOTED_INCLUDE_IN_FRAMEWORK_HEADER = YES;
				CLANG_WARN_RANGE_LOOP_ANALYSIS = YES;
				CLANG_WARN_STRICT_PROTOTYPES = YES;
				CLANG_WARN_SUSPICIOUS_MOVE = YES;
				CLANG_WARN_UNGUARDED_AVAILABILITY = YES_AGGRESSIVE;
				CLANG_WARN_UNREACHABLE_CODE = YES;
				CLANG_WARN__DUPLICATE_METHOD_MATCH = YES;
				COPY_PHASE_STRIP = NO;
				DEBUG_INFORMATION_FORMAT = "dwarf-with-dsym";
				ENABLE_NS_ASSERTIONS = NO;
				ENABLE_STRICT_OBJC_MSGSEND = YES;
				GCC_C_LANGUAGE_STANDARD = gnu11;
				GCC_NO_COMMON_BLOCKS = YES;
				GCC_WARN_64_TO_32_BIT_CONVERSION = YES;
				GCC_WARN_ABOUT_RETURN_TYPE = YES_ERROR;
				GCC_WARN_UNDECLARED_SELECTOR = YES;
				GCC_WARN_UNINITIALIZED_AUTOS = YES_AGGRESSIVE;
				GCC_WARN_UNUSED_FUNCTION = YES;
				GCC_WARN_UNUSED_VARIABLE = YES;
				IPHONEOS_DEPLOYMENT_TARGET = 14.4;
				MTL_ENABLE_DEBUG_INFO = NO;
				MTL_FAST_MATH = YES;
				SDKROOT = iphoneos;
				SWIFT_COMPILATION_MODE = wholemodule;
				SWIFT_OPTIMIZATION_LEVEL = "-O";
				VALIDATE_PRODUCT = YES;
			};
			name = Release;
		};
		38F3212028D14D3D00BE0DFF /* Debug */ = {
			isa = XCBuildConfiguration;
			buildSettings = {
				ASSETCATALOG_COMPILER_APPICON_NAME = AppIcon;
				ASSETCATALOG_COMPILER_GLOBAL_ACCENT_COLOR_NAME = AccentColor;
				CODE_SIGN_STYLE = Automatic;
				INFOPLIST_FILE = Cartelera/Info.plist;
				IPHONEOS_DEPLOYMENT_TARGET = 13.0;
				LD_RUNPATH_SEARCH_PATHS = (
					"$(inherited)",
					"@executable_path/Frameworks",
				);
				PRODUCT_BUNDLE_IDENTIFIER = utt.Cartelera;
				PRODUCT_NAME = "$(TARGET_NAME)";
				SWIFT_VERSION = 5.0;
				TARGETED_DEVICE_FAMILY = 1;
			};
			name = Debug;
		};
		38F3212128D14D3D00BE0DFF /* Release */ = {
			isa = XCBuildConfiguration;
			buildSettings = {
				ASSETCATALOG_COMPILER_APPICON_NAME = AppIcon;
				ASSETCATALOG_COMPILER_GLOBAL_ACCENT_COLOR_NAME = AccentColor;
				CODE_SIGN_STYLE = Automatic;
				INFOPLIST_FILE = Cartelera/Info.plist;
				IPHONEOS_DEPLOYMENT_TARGET = 13.0;
				LD_RUNPATH_SEARCH_PATHS = (
					"$(inherited)",
					"@executable_path/Frameworks",
				);
				PRODUCT_BUNDLE_IDENTIFIER = utt.Cartelera;
				PRODUCT_NAME = "$(TARGET_NAME)";
				SWIFT_VERSION = 5.0;
				TARGETED_DEVICE_FAMILY = 1;
			};
			name = Release;
		};
/* End XCBuildConfiguration section */

/* Begin XCConfigurationList section */
		38F3210628D14D3800BE0DFF /* Build configuration list for PBXProject "Cartelera" */ = {
			isa = XCConfigurationList;
			buildConfigurations = (
				38F3211D28D14D3D00BE0DFF /* Debug */,
				38F3211E28D14D3D00BE0DFF /* Release */,
			);
			defaultConfigurationIsVisible = 0;
			defaultConfigurationName = Release;
		};
		38F3211F28D14D3D00BE0DFF /* Build configuration list for PBXNativeTarget "Cartelera" */ = {
			isa = XCConfigurationList;
			buildConfigurations = (
				38F3212028D14D3D00BE0DFF /* Debug */,
				38F3212128D14D3D00BE0DFF /* Release */,
			);
			defaultConfigurationIsVisible = 0;
			defaultConfigurationName = Release;
		};
/* End XCConfigurationList section */
	};
	rootObject = 38F3210328D14D3800BE0DFF /* Project object */;
}
